
Microsoft Visual Studio Solution File, Format Version 11.00
# Visual Studio 2010
Project("{FAE04EC0-301F-11D3-BF4B-00C04F79EFBC}") = "Assembly-CSharp", "Assembly-CSharp.csproj", "{4bccfe0c-011a-6ae9-5a0e-66f1bd7fb9a6}"
EndProject
Project("{FAE04EC0-301F-11D3-BF4B-00C04F79EFBC}") = "Assembly-CSharp-Editor", "Assembly-CSharp-Editor.csproj", "{ccbe9d1b-a573-283c-4a3d-fb7fc780e4a6}"
EndProject
Global
	GlobalSection(SolutionConfigurationPlatforms) = preSolution
		Debug|Any CPU = Debug|Any CPU
	EndGlobalSection
	GlobalSection(ProjectConfigurationPlatforms) = postSolution
		{4bccfe0c-011a-6ae9-5a0e-66f1bd7fb9a6}.Debug|Any CPU.ActiveCfg = Debug|Any CPU
		{4bccfe0c-011a-6ae9-5a0e-66f1bd7fb9a6}.Debug|Any CPU.Build.0 = Debug|Any CPU
		{ccbe9d1b-a573-283c-4a3d-fb7fc780e4a6}.Debug|Any CPU.ActiveCfg = Debug|Any CPU
		{ccbe9d1b-a573-283c-4a3d-fb7fc780e4a6}.Debug|Any CPU.Build.0 = Debug|Any CPU
	EndGlobalSection
	GlobalSection(SolutionProperties) = preSolution
		HideSolutionNode = FALSE
	EndGlobalSection
EndGlobal
